// !$*UTF8*$!
{
	archiveVersion = 1;
	classes = {
	};
	objectVersion = 56;
	objects = {

/* Begin PBXBuildFile section */
		C4483EC02B7FA8F700D08632 /* main.cpp in Sources */ = {isa = PBXBuildFile; fileRef = C4483EBF2B7FA8F700D08632 /* main.cpp */; };
		C4483EDA2B7FAB0C00D08632 /* stringDinamico.cpp in Sources */ = {isa = PBXBuildFile; fileRef = C4483ED82B7FAB0C00D08632 /* stringDinamico.cpp */; };
		C4483EDD2B7FAB1A00D08632 /* tipoExp.cpp in Sources */ = {isa = PBXBuildFile; fileRef = C4483EDB2B7FAB1A00D08632 /* tipoExp.cpp */; };
		C4483EE02B7FAB2900D08632 /* boolean.cpp in Sources */ = {isa = PBXBuildFile; fileRef = C4483EDE2B7FAB2900D08632 /* boolean.cpp */; };
		C4483EE32B7FAB3F00D08632 /* tipoNodo.cpp in Sources */ = {isa = PBXBuildFile; fileRef = C4483EE12B7FAB3F00D08632 /* tipoNodo.cpp */; };
		C4483EE62B7FAB4D00D08632 /* arbolDeExp.cpp in Sources */ = {isa = PBXBuildFile; fileRef = C4483EE42B7FAB4D00D08632 /* arbolDeExp.cpp */; };
		C4483EE92B7FAB5D00D08632 /* expresion.cpp in Sources */ = {isa = PBXBuildFile; fileRef = C4483EE72B7FAB5D00D08632 /* expresion.cpp */; };
		C4483EEC2B7FAB6C00D08632 /* listaDeExpresiones.cpp in Sources */ = {isa = PBXBuildFile; fileRef = C4483EEA2B7FAB6C00D08632 /* listaDeExpresiones.cpp */; };
		C4483EEF2B81163200D08632 /* listastring.cpp in Sources */ = {isa = PBXBuildFile; fileRef = C4483EEE2B81163200D08632 /* listastring.cpp */; };
/* End PBXBuildFile section */

/* Begin PBXCopyFilesBuildPhase section */
		C4483EBA2B7FA8F700D08632 /* CopyFiles */ = {
			isa = PBXCopyFilesBuildPhase;
			buildActionMask = 2147483647;
			dstPath = /usr/share/man/man1/;
			dstSubfolderSpec = 0;
			files = (
			);
			runOnlyForDeploymentPostprocessing = 1;
		};
/* End PBXCopyFilesBuildPhase section */

/* Begin PBXFileReference section */
		396BCBC82B858D5900199092 /* Taller.entitlements */ = {isa = PBXFileReference; lastKnownFileType = text.plist.entitlements; path = Taller.entitlements; sourceTree = "<group>"; };
		C4483EBC2B7FA8F700D08632 /* Taller */ = {isa = PBXFileReference; explicitFileType = "compiled.mach-o.executable"; includeInIndex = 0; path = Taller; sourceTree = BUILT_PRODUCTS_DIR; };
		C4483EBF2B7FA8F700D08632 /* main.cpp */ = {isa = PBXFileReference; lastKnownFileType = sourcecode.cpp.cpp; path = main.cpp; sourceTree = "<group>"; };
		C4483ED82B7FAB0C00D08632 /* stringDinamico.cpp */ = {isa = PBXFileReference; lastKnownFileType = sourcecode.cpp.cpp; path = stringDinamico.cpp; sourceTree = "<group>"; };
		C4483ED92B7FAB0C00D08632 /* stringDinamico.hpp */ = {isa = PBXFileReference; lastKnownFileType = sourcecode.cpp.h; path = stringDinamico.hpp; sourceTree = "<group>"; };
		C4483EDB2B7FAB1A00D08632 /* tipoExp.cpp */ = {isa = PBXFileReference; lastKnownFileType = sourcecode.cpp.cpp; path = tipoExp.cpp; sourceTree = "<group>"; };
		C4483EDC2B7FAB1A00D08632 /* tipoExp.hpp */ = {isa = PBXFileReference; lastKnownFileType = sourcecode.cpp.h; path = tipoExp.hpp; sourceTree = "<group>"; };
		C4483EDE2B7FAB2900D08632 /* boolean.cpp */ = {isa = PBXFileReference; lastKnownFileType = sourcecode.cpp.cpp; path = boolean.cpp; sourceTree = "<group>"; };
		C4483EDF2B7FAB2900D08632 /* boolean.hpp */ = {isa = PBXFileReference; lastKnownFileType = sourcecode.cpp.h; path = boolean.hpp; sourceTree = "<group>"; };
		C4483EE12B7FAB3F00D08632 /* tipoNodo.cpp */ = {isa = PBXFileReference; lastKnownFileType = sourcecode.cpp.cpp; path = tipoNodo.cpp; sourceTree = "<group>"; };
		C4483EE22B7FAB3F00D08632 /* tipoNodo.hpp */ = {isa = PBXFileReference; lastKnownFileType = sourcecode.cpp.h; path = tipoNodo.hpp; sourceTree = "<group>"; };
		C4483EE42B7FAB4D00D08632 /* arbolDeExp.cpp */ = {isa = PBXFileReference; lastKnownFileType = sourcecode.cpp.cpp; path = arbolDeExp.cpp; sourceTree = "<group>"; };
		C4483EE52B7FAB4D00D08632 /* arbolDeExp.hpp */ = {isa = PBXFileReference; lastKnownFileType = sourcecode.cpp.h; path = arbolDeExp.hpp; sourceTree = "<group>"; };
		C4483EE72B7FAB5D00D08632 /* expresion.cpp */ = {isa = PBXFileReference; lastKnownFileType = sourcecode.cpp.cpp; path = expresion.cpp; sourceTree = "<group>"; };
		C4483EE82B7FAB5D00D08632 /* expresion.hpp */ = {isa = PBXFileReference; lastKnownFileType = sourcecode.cpp.h; path = expresion.hpp; sourceTree = "<group>"; };
		C4483EEA2B7FAB6C00D08632 /* listaDeExpresiones.cpp */ = {isa = PBXFileReference; lastKnownFileType = sourcecode.cpp.cpp; path = listaDeExpresiones.cpp; sourceTree = "<group>"; };
		C4483EEB2B7FAB6C00D08632 /* listaDeExpresiones.hpp */ = {isa = PBXFileReference; lastKnownFileType = sourcecode.cpp.h; path = listaDeExpresiones.hpp; sourceTree = "<group>"; };
		C4483EED2B81161600D08632 /* listastring.hpp */ = {isa = PBXFileReference; fileEncoding = 4; lastKnownFileType = sourcecode.cpp.h; path = listastring.hpp; sourceTree = "<group>"; };
		C4483EEE2B81163200D08632 /* listastring.cpp */ = {isa = PBXFileReference; lastKnownFileType = sourcecode.cpp.cpp; path = listastring.cpp; sourceTree = "<group>"; };
/* End PBXFileReference section */

/* Begin PBXFrameworksBuildPhase section */
		C4483EB92B7FA8F700D08632 /* Frameworks */ = {
			isa = PBXFrameworksBuildPhase;
			buildActionMask = 2147483647;
			files = (
			);
			runOnlyForDeploymentPostprocessing = 0;
		};
/* End PBXFrameworksBuildPhase section */

/* Begin PBXGroup section */
		C4483EB32B7FA8F700D08632 = {
			isa = PBXGroup;
			children = (
				C4483EBE2B7FA8F700D08632 /* Taller */,
				C4483EBD2B7FA8F700D08632 /* Products */,
			);
			sourceTree = "<group>";
		};
		C4483EBD2B7FA8F700D08632 /* Products */ = {
			isa = PBXGroup;
			children = (
				C4483EBC2B7FA8F700D08632 /* Taller */,
			);
			name = Products;
			sourceTree = "<group>";
		};
		C4483EBE2B7FA8F700D08632 /* Taller */ = {
			isa = PBXGroup;
			children = (
				396BCBC82B858D5900199092 /* Taller.entitlements */,
				C4483EED2B81161600D08632 /* listastring.hpp */,
				C4483EBF2B7FA8F700D08632 /* main.cpp */,
				C4483EDB2B7FAB1A00D08632 /* tipoExp.cpp */,
				C4483EDC2B7FAB1A00D08632 /* tipoExp.hpp */,
				C4483EDF2B7FAB2900D08632 /* boolean.hpp */,
				C4483EDE2B7FAB2900D08632 /* boolean.cpp */,
				C4483EEA2B7FAB6C00D08632 /* listaDeExpresiones.cpp */,
				C4483EEB2B7FAB6C00D08632 /* listaDeExpresiones.hpp */,
				C4483EE72B7FAB5D00D08632 /* expresion.cpp */,
				C4483EE82B7FAB5D00D08632 /* expresion.hpp */,
				C4483EE52B7FAB4D00D08632 /* arbolDeExp.hpp */,
				C4483EE42B7FAB4D00D08632 /* arbolDeExp.cpp */,
				C4483EE22B7FAB3F00D08632 /* tipoNodo.hpp */,
				C4483EE12B7FAB3F00D08632 /* tipoNodo.cpp */,
				C4483ED92B7FAB0C00D08632 /* stringDinamico.hpp */,
				C4483ED82B7FAB0C00D08632 /* stringDinamico.cpp */,
				C4483EEE2B81163200D08632 /* listastring.cpp */,
			);
			path = Taller;
			sourceTree = "<group>";
		};
/* End PBXGroup section */

/* Begin PBXNativeTarget section */
		C4483EBB2B7FA8F700D08632 /* Taller */ = {
			isa = PBXNativeTarget;
			buildConfigurationList = C4483EC32B7FA8F700D08632 /* Build configuration list for PBXNativeTarget "Taller" */;
			buildPhases = (
				C4483EB82B7FA8F700D08632 /* Sources */,
				C4483EB92B7FA8F700D08632 /* Frameworks */,
				C4483EBA2B7FA8F700D08632 /* CopyFiles */,
			);
			buildRules = (
			);
			dependencies = (
			);
			name = Taller;
			productName = Taller;
			productReference = C4483EBC2B7FA8F700D08632 /* Taller */;
			productType = "com.apple.product-type.tool";
		};
/* End PBXNativeTarget section */

/* Begin PBXProject section */
		C4483EB42B7FA8F700D08632 /* Project object */ = {
			isa = PBXProject;
			attributes = {
				BuildIndependentTargetsInParallel = 1;
				LastUpgradeCheck = 1500;
				TargetAttributes = {
					C4483EBB2B7FA8F700D08632 = {
						CreatedOnToolsVersion = 15.0.1;
					};
				};
			};
			buildConfigurationList = C4483EB72B7FA8F700D08632 /* Build configuration list for PBXProject "Taller" */;
			compatibilityVersion = "Xcode 14.0";
			developmentRegion = en;
			hasScannedForEncodings = 0;
			knownRegions = (
				en,
				Base,
			);
			mainGroup = C4483EB32B7FA8F700D08632;
			productRefGroup = C4483EBD2B7FA8F700D08632 /* Products */;
			projectDirPath = "";
			projectRoot = "";
			targets = (
				C4483EBB2B7FA8F700D08632 /* Taller */,
			);
		};
/* End PBXProject section */

/* Begin PBXSourcesBuildPhase section */
		C4483EB82B7FA8F700D08632 /* Sources */ = {
			isa = PBXSourcesBuildPhase;
			buildActionMask = 2147483647;
			files = (
				C4483EE02B7FAB2900D08632 /* boolean.cpp in Sources */,
				C4483EE92B7FAB5D00D08632 /* expresion.cpp in Sources */,
				C4483EEF2B81163200D08632 /* listastring.cpp in Sources */,
				C4483EEC2B7FAB6C00D08632 /* listaDeExpresiones.cpp in Sources */,
				C4483EE62B7FAB4D00D08632 /* arbolDeExp.cpp in Sources */,
				C4483EDA2B7FAB0C00D08632 /* stringDinamico.cpp in Sources */,
				C4483EDD2B7FAB1A00D08632 /* tipoExp.cpp in Sources */,
				C4483EC02B7FA8F700D08632 /* main.cpp in Sources */,
				C4483EE32B7FAB3F00D08632 /* tipoNodo.cpp in Sources */,
			);
			runOnlyForDeploymentPostprocessing = 0;
		};
/* End PBXSourcesBuildPhase section */

/* Begin XCBuildConfiguration section */
		C4483EC12B7FA8F700D08632 /* Debug */ = {
			isa = XCBuildConfiguration;
			buildSettings = {
				ALWAYS_SEARCH_USER_PATHS = NO;
				ASSETCATALOG_COMPILER_GENERATE_SWIFT_ASSET_SYMBOL_EXTENSIONS = YES;
				CLANG_ANALYZER_NONNULL = YES;
				CLANG_ANALYZER_NUMBER_OBJECT_CONVERSION = YES_AGGRESSIVE;
				CLANG_CXX_LANGUAGE_STANDARD = "gnu++20";
				CLANG_ENABLE_MODULES = YES;
				CLANG_ENABLE_OBJC_ARC = YES;
				CLANG_ENABLE_OBJC_WEAK = YES;
				CLANG_WARN_BLOCK_CAPTURE_AUTORELEASING = YES;
				CLANG_WARN_BOOL_CONVERSION = YES;
				CLANG_WARN_COMMA = YES;
				CLANG_WARN_CONSTANT_CONVERSION = YES;
				CLANG_WARN_DEPRECATED_OBJC_IMPLEMENTATIONS = YES;
				CLANG_WARN_DIRECT_OBJC_ISA_USAGE = YES_ERROR;
				CLANG_WARN_DOCUMENTATION_COMMENTS = YES;
				CLANG_WARN_EMPTY_BODY = YES;
				CLANG_WARN_ENUM_CONVERSION = YES;
				CLANG_WARN_INFINITE_RECURSION = YES;
				CLANG_WARN_INT_CONVERSION = YES;
				CLANG_WARN_NON_LITERAL_NULL_CONVERSION = YES;
				CLANG_WARN_OBJC_IMPLICIT_RETAIN_SELF = YES;
				CLANG_WARN_OBJC_LITERAL_CONVERSION = YES;
				CLANG_WARN_OBJC_ROOT_CLASS = YES_ERROR;
				CLANG_WARN_QUOTED_INCLUDE_IN_FRAMEWORK_HEADER = YES;
				CLANG_WARN_RANGE_LOOP_ANALYSIS = YES;
				CLANG_WARN_STRICT_PROTOTYPES = YES;
				CLANG_WARN_SUSPICIOUS_MOVE = YES;
				CLANG_WARN_UNGUARDED_AVAILABILITY = YES_AGGRESSIVE;
				CLANG_WARN_UNREACHABLE_CODE = YES;
				CLANG_WARN__DUPLICATE_METHOD_MATCH = YES;
				COPY_PHASE_STRIP = NO;
				DEBUG_INFORMATION_FORMAT = dwarf;
				ENABLE_STRICT_OBJC_MSGSEND = YES;
				ENABLE_TESTABILITY = YES;
				ENABLE_USER_SCRIPT_SANDBOXING = YES;
				GCC_C_LANGUAGE_STANDARD = gnu17;
				GCC_DYNAMIC_NO_PIC = NO;
				GCC_NO_COMMON_BLOCKS = YES;
				GCC_OPTIMIZATION_LEVEL = 0;
				GCC_PREPROCESSOR_DEFINITIONS = (
					"DEBUG=1",
					"$(inherited)",
				);
				GCC_WARN_64_TO_32_BIT_CONVERSION = YES;
				GCC_WARN_ABOUT_RETURN_TYPE = YES_ERROR;
				GCC_WARN_UNDECLARED_SELECTOR = YES;
				GCC_WARN_UNINITIALIZED_AUTOS = YES_AGGRESSIVE;
				GCC_WARN_UNUSED_FUNCTION = YES;
				GCC_WARN_UNUSED_VARIABLE = YES;
				LOCALIZATION_PREFERS_STRING_CATALOGS = YES;
				MACOSX_DEPLOYMENT_TARGET = 14.0;
				MTL_ENABLE_DEBUG_INFO = INCLUDE_SOURCE;
				MTL_FAST_MATH = YES;
				ONLY_ACTIVE_ARCH = YES;
				SDKROOT = macosx;
			};
			name = Debug;
		};
		C4483EC22B7FA8F700D08632 /* Release */ = {
			isa = XCBuildConfiguration;
			buildSettings = {
				ALWAYS_SEARCH_USER_PATHS = NO;
				ASSETCATALOG_COMPILER_GENERATE_SWIFT_ASSET_SYMBOL_EXTENSIONS = YES;
				CLANG_ANALYZER_NONNULL = YES;
				CLANG_ANALYZER_NUMBER_OBJECT_CONVERSION = YES_AGGRESSIVE;
				CLANG_CXX_LANGUAGE_STANDARD = "gnu++20";
				CLANG_ENABLE_MODULES = YES;
				CLANG_ENABLE_OBJC_ARC = YES;
				CLANG_ENABLE_OBJC_WEAK = YES;
				CLANG_WARN_BLOCK_CAPTURE_AUTORELEASING = YES;
				CLANG_WARN_BOOL_CONVERSION = YES;
				CLANG_WARN_COMMA = YES;
				CLANG_WARN_CONSTANT_CONVERSION = YES;
				CLANG_WARN_DEPRECATED_OBJC_IMPLEMENTATIONS = YES;
				CLANG_WARN_DIRECT_OBJC_ISA_USAGE = YES_ERROR;
				CLANG_WARN_DOCUMENTATION_COMMENTS = YES;
				CLANG_WARN_EMPTY_BODY = YES;
				CLANG_WARN_ENUM_CONVERSION = YES;
				CLANG_WARN_INFINITE_RECURSION = YES;
				CLANG_WARN_INT_CONVERSION = YES;
				CLANG_WARN_NON_LITERAL_NULL_CONVERSION = YES;
				CLANG_WARN_OBJC_IMPLICIT_RETAIN_SELF = YES;
				CLANG_WARN_OBJC_LITERAL_CONVERSION = YES;
				CLANG_WARN_OBJC_ROOT_CLASS = YES_ERROR;
				CLANG_WARN_QUOTED_INCLUDE_IN_FRAMEWORK_HEADER = YES;
				CLANG_WARN_RANGE_LOOP_ANALYSIS = YES;
				CLANG_WARN_STRICT_PROTOTYPES = YES;
				CLANG_WARN_SUSPICIOUS_MOVE = YES;
				CLANG_WARN_UNGUARDED_AVAILABILITY = YES_AGGRESSIVE;
				CLANG_WARN_UNREACHABLE_CODE = YES;
				CLANG_WARN__DUPLICATE_METHOD_MATCH = YES;
				COPY_PHASE_STRIP = NO;
				DEBUG_INFORMATION_FORMAT = "dwarf-with-dsym";
				ENABLE_NS_ASSERTIONS = NO;
				ENABLE_STRICT_OBJC_MSGSEND = YES;
				ENABLE_USER_SCRIPT_SANDBOXING = YES;
				GCC_C_LANGUAGE_STANDARD = gnu17;
				GCC_NO_COMMON_BLOCKS = YES;
				GCC_WARN_64_TO_32_BIT_CONVERSION = YES;
				GCC_WARN_ABOUT_RETURN_TYPE = YES_ERROR;
				GCC_WARN_UNDECLARED_SELECTOR = YES;
				GCC_WARN_UNINITIALIZED_AUTOS = YES_AGGRESSIVE;
				GCC_WARN_UNUSED_FUNCTION = YES;
				GCC_WARN_UNUSED_VARIABLE = YES;
				LOCALIZATION_PREFERS_STRING_CATALOGS = YES;
				MACOSX_DEPLOYMENT_TARGET = 14.0;
				MTL_ENABLE_DEBUG_INFO = NO;
				MTL_FAST_MATH = YES;
				SDKROOT = macosx;
			};
			name = Release;
		};
		C4483EC42B7FA8F700D08632 /* Debug */ = {
			isa = XCBuildConfiguration;
			buildSettings = {
				CODE_SIGN_ENTITLEMENTS = Taller/Taller.entitlements;
				CODE_SIGN_IDENTITY = "Apple Development";
				CODE_SIGN_STYLE = Automatic;
				DEVELOPMENT_TEAM = 4LZJL334PC;
				ENABLE_HARDENED_RUNTIME = YES;
				PRODUCT_NAME = "$(TARGET_NAME)";
				PROVISIONING_PROFILE_SPECIFIER = "";
			};
			name = Debug;
		};
		C4483EC52B7FA8F700D08632 /* Release */ = {
			isa = XCBuildConfiguration;
			buildSettings = {
				CODE_SIGN_ENTITLEMENTS = Taller/Taller.entitlements;
				CODE_SIGN_IDENTITY = "Apple Development";
				CODE_SIGN_STYLE = Automatic;
				DEVELOPMENT_TEAM = 4LZJL334PC;
				ENABLE_HARDENED_RUNTIME = YES;
				PRODUCT_NAME = "$(TARGET_NAME)";
				PROVISIONING_PROFILE_SPECIFIER = "";
			};
			name = Release;
		};
/* End XCBuildConfiguration section */

/* Begin XCConfigurationList section */
		C4483EB72B7FA8F700D08632 /* Build configuration list for PBXProject "Taller" */ = {
			isa = XCConfigurationList;
			buildConfigurations = (
				C4483EC12B7FA8F700D08632 /* Debug */,
				C4483EC22B7FA8F700D08632 /* Release */,
			);
			defaultConfigurationIsVisible = 0;
			defaultConfigurationName = Release;
		};
		C4483EC32B7FA8F700D08632 /* Build configuration list for PBXNativeTarget "Taller" */ = {
			isa = XCConfigurationList;
			buildConfigurations = (
				C4483EC42B7FA8F700D08632 /* Debug */,
				C4483EC52B7FA8F700D08632 /* Release */,
			);
			defaultConfigurationIsVisible = 0;
			defaultConfigurationName = Release;
		};
/* End XCConfigurationList section */
	};
	rootObject = C4483EB42B7FA8F700D08632 /* Project object */;
}
